# Generated by buf. DO NOT EDIT.
version: v1
deps:
  - remote: buf.build
    owner: bufbuild
    repository: protovalidate
    commit: 50325440f8f24053b047484a6bf60b76
    digest: shake256:32560c4bbc1689fcb893d4ea6c26a9c600300c3c7691abdadbbaa9348e16061c9e74dce96ac296fe561b1abb56ca4b5976619a1f0038981d876da7bc02e3c385
  - remote: buf.build
    owner: googleapis
    repository: googleapis
    commit: c17df5b2beca46928cc87d5656bd5343
    digest: shake256:c62ecead9b13485a02893cd678a6c81e40879bf00ea509bbc6fd8f1b2cc33eccf6a85c259b08d1e0f052f693cbfc7dfda236e9665b1d6869b8e1132a794a61e2
